
Microsoft Visual Studio Solution File, Format Version 12.00
# Visual Studio Version 17
VisualStudioVersion = 17.1.32328.378
MinimumVisualStudioVersion = 10.0.40219.1
Project("{FAE04EC0-301F-11D3-BF4B-00C04F79EFBC}") = "CustomiseVideoPlayer", "CustomiseVideoPlayer.csproj", "{58981A7F-7DC0-4E6C-AEAA-81F414160362}"
EndProject
Global
	GlobalSection(SolutionConfigurationPlatforms) = preSolution
		Debug|Any CPU = Debug|Any CPU
		Release|Any CPU = Release|Any CPU
	EndGlobalSection
	GlobalSection(ProjectConfigurationPlatforms) = postSolution
		{58981A7F-7DC0-4E6C-AEAA-81F414160362}.Debug|Any CPU.ActiveCfg = Debug|Any CPU
		{58981A7F-7DC0-4E6C-AEAA-81F414160362}.Debug|Any CPU.Build.0 = Debug|Any CPU
		{58981A7F-7DC0-4E6C-AEAA-81F414160362}.Release|Any CPU.ActiveCfg = Release|Any CPU
		{58981A7F-7DC0-4E6C-AEAA-81F414160362}.Release|Any CPU.Build.0 = Release|Any CPU
	EndGlobalSection
	GlobalSection(SolutionProperties) = preSolution
		HideSolutionNode = FALSE
	EndGlobalSection
	GlobalSection(ExtensibilityGlobals) = postSolution
		SolutionGuid = {FBE214E8-0D45-481C-9125-C3BC4A0A12DB}
	EndGlobalSection
EndGlobal
